NeoBundleLock Align 787662fe90cd057942bc5b682fd70c87e1a9dd77
NeoBundleLock buftabs 7176384120b58038797f698dfe622dde70be173b
NeoBundleLock ctrlp.vim 8c0618c8c2561a50f661e40fce40f07837f20a15
NeoBundleLock lightline.vim 430ce2cb063b39a0c7950cafd617e333acb6759a
NeoBundleLock neocomplcache 778181767467b8f8016828898779a646074d883a
NeoBundleLock netrw.vim 985e4247629845556676e825feda7ecfb37ea73d
NeoBundleLock svn-diff.vim 46065a7fe1e8b4178ceb0b82bfa098707cc512b6
NeoBundleLock taglist.vim 53041fbc45398a9af631a20657e109707a455339
NeoBundleLock vim-coffee-script 32fe889b8cafd3a4921ef8e6485156453ff58c42
NeoBundleLock vim-indent-guides 018298ead9d3aa9cd3b4ae222f81022a33978b09
NeoBundleLock vim-javascript-syntax 9e019fccd738ba73713268a327ac3765646a4edd
NeoBundleLock vim-over 327a6098536a8a22829e2934f8c2e9ddea781a7c
NeoBundleLock vim-rails 21e455faa2ef451607bd6193c73b269b44d72b38
NeoBundleLock vim-ruby 97bc93301057b4ea27ae93c6d5c9749f77ca702b
NeoBundleLock vim-slim 1942fe27147ddcc9b1d7196ca2ac4217fe545014
NeoBundleLock vim-tags e75dea76e488d9208ed73c53c46a4abee2695115
